
Microsoft Visual Studio Solution File, Format Version 11.00
# Visual Studio 2010
Project("{FAE04EC0-301F-11D3-BF4B-00C04F79EFBC}") = "belajar-sistem-penjualan", "belajar-sistem-penjualan\belajar-sistem-penjualan.csproj", "{ECEDBFB5-0A4F-4873-9890-3786B191F350}"
EndProject
Global
	GlobalSection(SolutionConfigurationPlatforms) = preSolution
		Debug|Any CPU = Debug|Any CPU
		Release|Any CPU = Release|Any CPU
	EndGlobalSection
	GlobalSection(ProjectConfigurationPlatforms) = postSolution
		{ECEDBFB5-0A4F-4873-9890-3786B191F350}.Debug|Any CPU.ActiveCfg = Debug|Any CPU
		{ECEDBFB5-0A4F-4873-9890-3786B191F350}.Debug|Any CPU.Build.0 = Debug|Any CPU
		{ECEDBFB5-0A4F-4873-9890-3786B191F350}.Release|Any CPU.ActiveCfg = Release|Any CPU
		{ECEDBFB5-0A4F-4873-9890-3786B191F350}.Release|Any CPU.Build.0 = Release|Any CPU
	EndGlobalSection
	GlobalSection(SolutionProperties) = preSolution
		HideSolutionNode = FALSE
	EndGlobalSection
EndGlobal
